
Microsoft Visual Studio Solution File, Format Version 12.00
# Visual Studio 2013
VisualStudioVersion = 12.0.31101.0
MinimumVisualStudioVersion = 10.0.40219.1
Project("{FAE04EC0-301F-11D3-BF4B-00C04F79EFBC}") = "Website", "Website\Website.csproj", "{08F371C8-9D6B-4E67-96D9-E8312C293B95}"
EndProject
Project("{2150E333-8FDC-42A3-9474-1A3956D46DE8}") = ".nuget", ".nuget", "{A3348C87-F5A2-438B-B7FF-84719530B131}"
	ProjectSection(SolutionItems) = preProject
		.nuget\packages.config = .nuget\packages.config
	EndProjectSection
EndProject
Global
	GlobalSection(SolutionConfigurationPlatforms) = preSolution
		Debug|Any CPU = Debug|Any CPU
		Release|Any CPU = Release|Any CPU
	EndGlobalSection
	GlobalSection(ProjectConfigurationPlatforms) = postSolution
		{08F371C8-9D6B-4E67-96D9-E8312C293B95}.Debug|Any CPU.ActiveCfg = Debug|Any CPU
		{08F371C8-9D6B-4E67-96D9-E8312C293B95}.Debug|Any CPU.Build.0 = Debug|Any CPU
		{08F371C8-9D6B-4E67-96D9-E8312C293B95}.Release|Any CPU.ActiveCfg = Release|Any CPU
		{08F371C8-9D6B-4E67-96D9-E8312C293B95}.Release|Any CPU.Build.0 = Release|Any CPU
	EndGlobalSection
	GlobalSection(SolutionProperties) = preSolution
		HideSolutionNode = FALSE
	EndGlobalSection
EndGlobal
